// !$*UTF8*$!
{
	archiveVersion = 1;
	classes = {
	};
	objectVersion = 46;
	objects = {

/* Begin PBXBuildFile section */
		3EF478111B9762C600688D9B /* main.m in Sources */ = {isa = PBXBuildFile; fileRef = 3EF478101B9762C600688D9B /* main.m */; };
		3EF478141B9762C600688D9B /* AppDelegate.m in Sources */ = {isa = PBXBuildFile; fileRef = 3EF478131B9762C600688D9B /* AppDelegate.m */; };
		3EF478171B9762C600688D9B /* ViewController.m in Sources */ = {isa = PBXBuildFile; fileRef = 3EF478161B9762C600688D9B /* ViewController.m */; };
		3EF4781A1B9762C600688D9B /* Main.storyboard in Resources */ = {isa = PBXBuildFile; fileRef = 3EF478181B9762C600688D9B /* Main.storyboard */; };
		3EF4781C1B9762C600688D9B /* Images.xcassets in Resources */ = {isa = PBXBuildFile; fileRef = 3EF4781B1B9762C600688D9B /* Images.xcassets */; };
		3EF4781F1B9762C600688D9B /* LaunchScreen.xib in Resources */ = {isa = PBXBuildFile; fileRef = 3EF4781D1B9762C600688D9B /* LaunchScreen.xib */; };
		3EF4782B1B9762C600688D9B /* TableViewDemo_1Tests.m in Sources */ = {isa = PBXBuildFile; fileRef = 3EF4782A1B9762C600688D9B /* TableViewDemo_1Tests.m */; };
		3EF478361B97683300688D9B /* CosmosTableViewController.m in Sources */ = {isa = PBXBuildFile; fileRef = 3EF478351B97683300688D9B /* CosmosTableViewController.m */; };
		3EF4783C1B98933E00688D9B /* AstronomicalData.m in Sources */ = {isa = PBXBuildFile; fileRef = 3EF4783B1B98933E00688D9B /* AstronomicalData.m */; };
		3EF478471B98AEDC00688D9B /* Earth.jpg in Resources */ = {isa = PBXBuildFile; fileRef = 3EF4783D1B98AEDC00688D9B /* Earth.jpg */; };
		3EF478481B98AEDC00688D9B /* EinsteinRing.jpg in Resources */ = {isa = PBXBuildFile; fileRef = 3EF4783E1B98AEDC00688D9B /* EinsteinRing.jpg */; };
		3EF478491B98AEDC00688D9B /* Jupiter.jpg in Resources */ = {isa = PBXBuildFile; fileRef = 3EF4783F1B98AEDC00688D9B /* Jupiter.jpg */; };
		3EF4784A1B98AEDC00688D9B /* Mars.jpg in Resources */ = {isa = PBXBuildFile; fileRef = 3EF478401B98AEDC00688D9B /* Mars.jpg */; };
		3EF4784B1B98AEDC00688D9B /* Mercury.jpg in Resources */ = {isa = PBXBuildFile; fileRef = 3EF478411B98AEDC00688D9B /* Mercury.jpg */; };
		3EF4784C1B98AEDC00688D9B /* Neptune.jpg in Resources */ = {isa = PBXBuildFile; fileRef = 3EF478421B98AEDC00688D9B /* Neptune.jpg */; };
		3EF4784D1B98AEDC00688D9B /* Orion.jpg in Resources */ = {isa = PBXBuildFile; fileRef = 3EF478431B98AEDC00688D9B /* Orion.jpg */; };
		3EF4784E1B98AEDC00688D9B /* Saturn.jpg in Resources */ = {isa = PBXBuildFile; fileRef = 3EF478441B98AEDC00688D9B /* Saturn.jpg */; };
		3EF4784F1B98AEDC00688D9B /* Uranus.jpg in Resources */ = {isa = PBXBuildFile; fileRef = 3EF478451B98AEDC00688D9B /* Uranus.jpg */; };
		3EF478501B98AEDC00688D9B /* Venus.jpg in Resources */ = {isa = PBXBuildFile; fileRef = 3EF478461B98AEDC00688D9B /* Venus.jpg */; };
		3EF478531B98AF3400688D9B /* CMSpaceObject.m in Sources */ = {isa = PBXBuildFile; fileRef = 3EF478521B98AF3400688D9B /* CMSpaceObject.m */; };
		3EF478931B9B493600688D9B /* CMSpaceImageViewController.m in Sources */ = {isa = PBXBuildFile; fileRef = 3EF478921B9B493600688D9B /* CMSpaceImageViewController.m */; };
		3EF478961B9C929E00688D9B /* CMSpaceDataViewController.m in Sources */ = {isa = PBXBuildFile; fileRef = 3EF478951B9C929E00688D9B /* CMSpaceDataViewController.m */; };
		3EF478991BA0AC2200688D9B /* CMAddSpaceViewController.m in Sources */ = {isa = PBXBuildFile; fileRef = 3EF478981BA0AC2200688D9B /* CMAddSpaceViewController.m */; };
/* End PBXBuildFile section */

/* Begin PBXContainerItemProxy section */
		3EF478251B9762C600688D9B /* PBXContainerItemProxy */ = {
			isa = PBXContainerItemProxy;
			containerPortal = 3EF478031B9762C600688D9B /* Project object */;
			proxyType = 1;
			remoteGlobalIDString = 3EF4780A1B9762C600688D9B;
			remoteInfo = "TableViewDemo-1";
		};
/* End PBXContainerItemProxy section */

/* Begin PBXFileReference section */
		3EF4780B1B9762C600688D9B /* TableViewDemo-1.app */ = {isa = PBXFileReference; explicitFileType = wrapper.application; includeInIndex = 0; path = "TableViewDemo-1.app"; sourceTree = BUILT_PRODUCTS_DIR; };
		3EF4780F1B9762C600688D9B /* Info.plist */ = {isa = PBXFileReference; lastKnownFileType = text.plist.xml; path = Info.plist; sourceTree = "<group>"; };
		3EF478101B9762C600688D9B /* main.m */ = {isa = PBXFileReference; lastKnownFileType = sourcecode.c.objc; path = main.m; sourceTree = "<group>"; };
		3EF478121B9762C600688D9B /* AppDelegate.h */ = {isa = PBXFileReference; lastKnownFileType = sourcecode.c.h; path = AppDelegate.h; sourceTree = "<group>"; };
		3EF478131B9762C600688D9B /* AppDelegate.m */ = {isa = PBXFileReference; lastKnownFileType = sourcecode.c.objc; path = AppDelegate.m; sourceTree = "<group>"; };
		3EF478151B9762C600688D9B /* ViewController.h */ = {isa = PBXFileReference; lastKnownFileType = sourcecode.c.h; path = ViewController.h; sourceTree = "<group>"; };
		3EF478161B9762C600688D9B /* ViewController.m */ = {isa = PBXFileReference; lastKnownFileType = sourcecode.c.objc; path = ViewController.m; sourceTree = "<group>"; };
		3EF478191B9762C600688D9B /* Base */ = {isa = PBXFileReference; lastKnownFileType = file.storyboard; name = Base; path = Base.lproj/Main.storyboard; sourceTree = "<group>"; };
		3EF4781B1B9762C600688D9B /* Images.xcassets */ = {isa = PBXFileReference; lastKnownFileType = folder.assetcatalog; path = Images.xcassets; sourceTree = "<group>"; };
		3EF4781E1B9762C600688D9B /* Base */ = {isa = PBXFileReference; lastKnownFileType = file.xib; name = Base; path = Base.lproj/LaunchScreen.xib; sourceTree = "<group>"; };
		3EF478241B9762C600688D9B /* TableViewDemo-1Tests.xctest */ = {isa = PBXFileReference; explicitFileType = wrapper.cfbundle; includeInIndex = 0; path = "TableViewDemo-1Tests.xctest"; sourceTree = BUILT_PRODUCTS_DIR; };
		3EF478291B9762C600688D9B /* Info.plist */ = {isa = PBXFileReference; lastKnownFileType = text.plist.xml; path = Info.plist; sourceTree = "<group>"; };
		3EF4782A1B9762C600688D9B /* TableViewDemo_1Tests.m */ = {isa = PBXFileReference; lastKnownFileType = sourcecode.c.objc; path = TableViewDemo_1Tests.m; sourceTree = "<group>"; };
		3EF478341B97683300688D9B /* CosmosTableViewController.h */ = {isa = PBXFileReference; fileEncoding = 4; lastKnownFileType = sourcecode.c.h; path = CosmosTableViewController.h; sourceTree = "<group>"; };
		3EF478351B97683300688D9B /* CosmosTableViewController.m */ = {isa = PBXFileReference; fileEncoding = 4; lastKnownFileType = sourcecode.c.objc; path = CosmosTableViewController.m; sourceTree = "<group>"; };
		3EF4783A1B98933E00688D9B /* AstronomicalData.h */ = {isa = PBXFileReference; fileEncoding = 4; lastKnownFileType = sourcecode.c.h; path = AstronomicalData.h; sourceTree = "<group>"; };
		3EF4783B1B98933E00688D9B /* AstronomicalData.m */ = {isa = PBXFileReference; fileEncoding = 4; lastKnownFileType = sourcecode.c.objc; path = AstronomicalData.m; sourceTree = "<group>"; };
		3EF4783D1B98AEDC00688D9B /* Earth.jpg */ = {isa = PBXFileReference; lastKnownFileType = image.jpeg; path = Earth.jpg; sourceTree = "<group>"; };
		3EF4783E1B98AEDC00688D9B /* EinsteinRing.jpg */ = {isa = PBXFileReference; lastKnownFileType = image.jpeg; path = EinsteinRing.jpg; sourceTree = "<group>"; };
		3EF4783F1B98AEDC00688D9B /* Jupiter.jpg */ = {isa = PBXFileReference; lastKnownFileType = image.jpeg; path = Jupiter.jpg; sourceTree = "<group>"; };
		3EF478401B98AEDC00688D9B /* Mars.jpg */ = {isa = PBXFileReference; lastKnownFileType = image.jpeg; path = Mars.jpg; sourceTree = "<group>"; };
		3EF478411B98AEDC00688D9B /* Mercury.jpg */ = {isa = PBXFileReference; lastKnownFileType = image.jpeg; path = Mercury.jpg; sourceTree = "<group>"; };
		3EF478421B98AEDC00688D9B /* Neptune.jpg */ = {isa = PBXFileReference; lastKnownFileType = image.jpeg; path = Neptune.jpg; sourceTree = "<group>"; };
		3EF478431B98AEDC00688D9B /* Orion.jpg */ = {isa = PBXFileReference; lastKnownFileType = image.jpeg; path = Orion.jpg; sourceTree = "<group>"; };
		3EF478441B98AEDC00688D9B /* Saturn.jpg */ = {isa = PBXFileReference; lastKnownFileType = image.jpeg; path = Saturn.jpg; sourceTree = "<group>"; };
		3EF478451B98AEDC00688D9B /* Uranus.jpg */ = {isa = PBXFileReference; lastKnownFileType = image.jpeg; path = Uranus.jpg; sourceTree = "<group>"; };
		3EF478461B98AEDC00688D9B /* Venus.jpg */ = {isa = PBXFileReference; lastKnownFileType = image.jpeg; path = Venus.jpg; sourceTree = "<group>"; };
		3EF478511B98AF3400688D9B /* CMSpaceObject.h */ = {isa = PBXFileReference; fileEncoding = 4; lastKnownFileType = sourcecode.c.h; path = CMSpaceObject.h; sourceTree = "<group>"; };
		3EF478521B98AF3400688D9B /* CMSpaceObject.m */ = {isa = PBXFileReference; fileEncoding = 4; lastKnownFileType = sourcecode.c.objc; path = CMSpaceObject.m; sourceTree = "<group>"; };
		3EF478911B9B493600688D9B /* CMSpaceImageViewController.h */ = {isa = PBXFileReference; fileEncoding = 4; lastKnownFileType = sourcecode.c.h; path = CMSpaceImageViewController.h; sourceTree = "<group>"; };
		3EF478921B9B493600688D9B /* CMSpaceImageViewController.m */ = {isa = PBXFileReference; fileEncoding = 4; lastKnownFileType = sourcecode.c.objc; path = CMSpaceImageViewController.m; sourceTree = "<group>"; };
		3EF478941B9C929E00688D9B /* CMSpaceDataViewController.h */ = {isa = PBXFileReference; fileEncoding = 4; lastKnownFileType = sourcecode.c.h; path = CMSpaceDataViewController.h; sourceTree = "<group>"; };
		3EF478951B9C929E00688D9B /* CMSpaceDataViewController.m */ = {isa = PBXFileReference; fileEncoding = 4; lastKnownFileType = sourcecode.c.objc; path = CMSpaceDataViewController.m; sourceTree = "<group>"; };
		3EF478971BA0AC2200688D9B /* CMAddSpaceViewController.h */ = {isa = PBXFileReference; fileEncoding = 4; lastKnownFileType = sourcecode.c.h; path = CMAddSpaceViewController.h; sourceTree = "<group>"; };
		3EF478981BA0AC2200688D9B /* CMAddSpaceViewController.m */ = {isa = PBXFileReference; fileEncoding = 4; lastKnownFileType = sourcecode.c.objc; path = CMAddSpaceViewController.m; sourceTree = "<group>"; };
/* End PBXFileReference section */

/* Begin PBXFrameworksBuildPhase section */
		3EF478081B9762C600688D9B /* Frameworks */ = {
			isa = PBXFrameworksBuildPhase;
			buildActionMask = 2147483647;
			files = (
			);
			runOnlyForDeploymentPostprocessing = 0;
		};
		3EF478211B9762C600688D9B /* Frameworks */ = {
			isa = PBXFrameworksBuildPhase;
			buildActionMask = 2147483647;
			files = (
			);
			runOnlyForDeploymentPostprocessing = 0;
		};
/* End PBXFrameworksBuildPhase section */

/* Begin PBXGroup section */
		3EF478021B9762C600688D9B = {
			isa = PBXGroup;
			children = (
				3EF4780D1B9762C600688D9B /* TableViewDemo-1 */,
				3EF478271B9762C600688D9B /* TableViewDemo-1Tests */,
				3EF4780C1B9762C600688D9B /* Products */,
			);
			sourceTree = "<group>";
		};
		3EF4780C1B9762C600688D9B /* Products */ = {
			isa = PBXGroup;
			children = (
				3EF4780B1B9762C600688D9B /* TableViewDemo-1.app */,
				3EF478241B9762C600688D9B /* TableViewDemo-1Tests.xctest */,
			);
			name = Products;
			sourceTree = "<group>";
		};
		3EF4780D1B9762C600688D9B /* TableViewDemo-1 */ = {
			isa = PBXGroup;
			children = (
				3EF478121B9762C600688D9B /* AppDelegate.h */,
				3EF478131B9762C600688D9B /* AppDelegate.m */,
				3EF478151B9762C600688D9B /* ViewController.h */,
				3EF478161B9762C600688D9B /* ViewController.m */,
				3EF478341B97683300688D9B /* CosmosTableViewController.h */,
				3EF478351B97683300688D9B /* CosmosTableViewController.m */,
				3EF478911B9B493600688D9B /* CMSpaceImageViewController.h */,
				3EF478921B9B493600688D9B /* CMSpaceImageViewController.m */,
				3EF478971BA0AC2200688D9B /* CMAddSpaceViewController.h */,
				3EF478981BA0AC2200688D9B /* CMAddSpaceViewController.m */,
				3EF478941B9C929E00688D9B /* CMSpaceDataViewController.h */,
				3EF478951B9C929E00688D9B /* CMSpaceDataViewController.m */,
				3EF478181B9762C600688D9B /* Main.storyboard */,
				3EF4781B1B9762C600688D9B /* Images.xcassets */,
				3EF4781D1B9762C600688D9B /* LaunchScreen.xib */,
				3EF4780E1B9762C600688D9B /* Supporting Files */,
			);
			path = "TableViewDemo-1";
			sourceTree = "<group>";
		};
		3EF4780E1B9762C600688D9B /* Supporting Files */ = {
			isa = PBXGroup;
			children = (
				3EF478511B98AF3400688D9B /* CMSpaceObject.h */,
				3EF478521B98AF3400688D9B /* CMSpaceObject.m */,
				3EF4783A1B98933E00688D9B /* AstronomicalData.h */,
				3EF4783B1B98933E00688D9B /* AstronomicalData.m */,
				3EF4783D1B98AEDC00688D9B /* Earth.jpg */,
				3EF4783E1B98AEDC00688D9B /* EinsteinRing.jpg */,
				3EF4783F1B98AEDC00688D9B /* Jupiter.jpg */,
				3EF478401B98AEDC00688D9B /* Mars.jpg */,
				3EF478411B98AEDC00688D9B /* Mercury.jpg */,
				3EF478421B98AEDC00688D9B /* Neptune.jpg */,
				3EF478431B98AEDC00688D9B /* Orion.jpg */,
				3EF478441B98AEDC00688D9B /* Saturn.jpg */,
				3EF478451B98AEDC00688D9B /* Uranus.jpg */,
				3EF478461B98AEDC00688D9B /* Venus.jpg */,
				3EF4780F1B9762C600688D9B /* Info.plist */,
				3EF478101B9762C600688D9B /* main.m */,
			);
			name = "Supporting Files";
			sourceTree = "<group>";
		};
		3EF478271B9762C600688D9B /* TableViewDemo-1Tests */ = {
			isa = PBXGroup;
			children = (
				3EF4782A1B9762C600688D9B /* TableViewDemo_1Tests.m */,
				3EF478281B9762C600688D9B /* Supporting Files */,
			);
			path = "TableViewDemo-1Tests";
			sourceTree = "<group>";
		};
		3EF478281B9762C600688D9B /* Supporting Files */ = {
			isa = PBXGroup;
			children = (
				3EF478291B9762C600688D9B /* Info.plist */,
			);
			name = "Supporting Files";
			sourceTree = "<group>";
		};
/* End PBXGroup section */

/* Begin PBXNativeTarget section */
		3EF4780A1B9762C600688D9B /* TableViewDemo-1 */ = {
			isa = PBXNativeTarget;
			buildConfigurationList = 3EF4782E1B9762C600688D9B /* Build configuration list for PBXNativeTarget "TableViewDemo-1" */;
			buildPhases = (
				3EF478071B9762C600688D9B /* Sources */,
				3EF478081B9762C600688D9B /* Frameworks */,
				3EF478091B9762C600688D9B /* Resources */,
			);
			buildRules = (
			);
			dependencies = (
			);
			name = "TableViewDemo-1";
			productName = "TableViewDemo-1";
			productReference = 3EF4780B1B9762C600688D9B /* TableViewDemo-1.app */;
			productType = "com.apple.product-type.application";
		};
		3EF478231B9762C600688D9B /* TableViewDemo-1Tests */ = {
			isa = PBXNativeTarget;
			buildConfigurationList = 3EF478311B9762C600688D9B /* Build configuration list for PBXNativeTarget "TableViewDemo-1Tests" */;
			buildPhases = (
				3EF478201B9762C600688D9B /* Sources */,
				3EF478211B9762C600688D9B /* Frameworks */,
				3EF478221B9762C600688D9B /* Resources */,
			);
			buildRules = (
			);
			dependencies = (
				3EF478261B9762C600688D9B /* PBXTargetDependency */,
			);
			name = "TableViewDemo-1Tests";
			productName = "TableViewDemo-1Tests";
			productReference = 3EF478241B9762C600688D9B /* TableViewDemo-1Tests.xctest */;
			productType = "com.apple.product-type.bundle.unit-test";
		};
/* End PBXNativeTarget section */

/* Begin PBXProject section */
		3EF478031B9762C600688D9B /* Project object */ = {
			isa = PBXProject;
			attributes = {
				LastUpgradeCheck = 0640;
				ORGANIZATIONNAME = "Da-Tou";
				TargetAttributes = {
					3EF4780A1B9762C600688D9B = {
						CreatedOnToolsVersion = 6.4;
					};
					3EF478231B9762C600688D9B = {
						CreatedOnToolsVersion = 6.4;
						TestTargetID = 3EF4780A1B9762C600688D9B;
					};
				};
			};
			buildConfigurationList = 3EF478061B9762C600688D9B /* Build configuration list for PBXProject "TableViewDemo-1" */;
			compatibilityVersion = "Xcode 3.2";
			developmentRegion = English;
			hasScannedForEncodings = 0;
			knownRegions = (
				en,
				Base,
			);
			mainGroup = 3EF478021B9762C600688D9B;
			productRefGroup = 3EF4780C1B9762C600688D9B /* Products */;
			projectDirPath = "";
			projectRoot = "";
			targets = (
				3EF4780A1B9762C600688D9B /* TableViewDemo-1 */,
				3EF478231B9762C600688D9B /* TableViewDemo-1Tests */,
			);
		};
/* End PBXProject section */

/* Begin PBXResourcesBuildPhase section */
		3EF478091B9762C600688D9B /* Resources */ = {
			isa = PBXResourcesBuildPhase;
			buildActionMask = 2147483647;
			files = (
				3EF478471B98AEDC00688D9B /* Earth.jpg in Resources */,
				3EF478501B98AEDC00688D9B /* Venus.jpg in Resources */,
				3EF4784B1B98AEDC00688D9B /* Mercury.jpg in Resources */,
				3EF4784E1B98AEDC00688D9B /* Saturn.jpg in Resources */,
				3EF4784F1B98AEDC00688D9B /* Uranus.jpg in Resources */,
				3EF4781A1B9762C600688D9B /* Main.storyboard in Resources */,
				3EF4784C1B98AEDC00688D9B /* Neptune.jpg in Resources */,
				3EF4784A1B98AEDC00688D9B /* Mars.jpg in Resources */,
				3EF4781F1B9762C600688D9B /* LaunchScreen.xib in Resources */,
				3EF4781C1B9762C600688D9B /* Images.xcassets in Resources */,
				3EF478481B98AEDC00688D9B /* EinsteinRing.jpg in Resources */,
				3EF478491B98AEDC00688D9B /* Jupiter.jpg in Resources */,
				3EF4784D1B98AEDC00688D9B /* Orion.jpg in Resources */,
			);
			runOnlyForDeploymentPostprocessing = 0;
		};
		3EF478221B9762C600688D9B /* Resources */ = {
			isa = PBXResourcesBuildPhase;
			buildActionMask = 2147483647;
			files = (
			);
			runOnlyForDeploymentPostprocessing = 0;
		};
/* End PBXResourcesBuildPhase section */

/* Begin PBXSourcesBuildPhase section */
		3EF478071B9762C600688D9B /* Sources */ = {
			isa = PBXSourcesBuildPhase;
			buildActionMask = 2147483647;
			files = (
				3EF4783C1B98933E00688D9B /* AstronomicalData.m in Sources */,
				3EF478171B9762C600688D9B /* ViewController.m in Sources */,
				3EF478361B97683300688D9B /* CosmosTableViewController.m in Sources */,
				3EF478961B9C929E00688D9B /* CMSpaceDataViewController.m in Sources */,
				3EF478931B9B493600688D9B /* CMSpaceImageViewController.m in Sources */,
				3EF478141B9762C600688D9B /* AppDelegate.m in Sources */,
				3EF478111B9762C600688D9B /* main.m in Sources */,
				3EF478531B98AF3400688D9B /* CMSpaceObject.m in Sources */,
				3EF478991BA0AC2200688D9B /* CMAddSpaceViewController.m in Sources */,
			);
			runOnlyForDeploymentPostprocessing = 0;
		};
		3EF478201B9762C600688D9B /* Sources */ = {
			isa = PBXSourcesBuildPhase;
			buildActionMask = 2147483647;
			files = (
				3EF4782B1B9762C600688D9B /* TableViewDemo_1Tests.m in Sources */,
			);
			runOnlyForDeploymentPostprocessing = 0;
		};
/* End PBXSourcesBuildPhase section */

/* Begin PBXTargetDependency section */
		3EF478261B9762C600688D9B /* PBXTargetDependency */ = {
			isa = PBXTargetDependency;
			target = 3EF4780A1B9762C600688D9B /* TableViewDemo-1 */;
			targetProxy = 3EF478251B9762C600688D9B /* PBXContainerItemProxy */;
		};
/* End PBXTargetDependency section */

/* Begin PBXVariantGroup section */
		3EF478181B9762C600688D9B /* Main.storyboard */ = {
			isa = PBXVariantGroup;
			children = (
				3EF478191B9762C600688D9B /* Base */,
			);
			name = Main.storyboard;
			sourceTree = "<group>";
		};
		3EF4781D1B9762C600688D9B /* LaunchScreen.xib */ = {
			isa = PBXVariantGroup;
			children = (
				3EF4781E1B9762C600688D9B /* Base */,
			);
			name = LaunchScreen.xib;
			sourceTree = "<group>";
		};
/* End PBXVariantGroup section */

/* Begin XCBuildConfiguration section */
		3EF4782C1B9762C600688D9B /* Debug */ = {
			isa = XCBuildConfiguration;
			buildSettings = {
				ALWAYS_SEARCH_USER_PATHS = NO;
				CLANG_CXX_LANGUAGE_STANDARD = "gnu++0x";
				CLANG_CXX_LIBRARY = "libc++";
				CLANG_ENABLE_MODULES = YES;
				CLANG_ENABLE_OBJC_ARC = YES;
				CLANG_WARN_BOOL_CONVERSION = YES;
				CLANG_WARN_CONSTANT_CONVERSION = YES;
				CLANG_WARN_DIRECT_OBJC_ISA_USAGE = YES_ERROR;
				CLANG_WARN_EMPTY_BODY = YES;
				CLANG_WARN_ENUM_CONVERSION = YES;
				CLANG_WARN_INT_CONVERSION = YES;
				CLANG_WARN_OBJC_ROOT_CLASS = YES_ERROR;
				CLANG_WARN_UNREACHABLE_CODE = YES;
				CLANG_WARN__DUPLICATE_METHOD_MATCH = YES;
				"CODE_SIGN_IDENTITY[sdk=iphoneos*]" = "iPhone Developer";
				COPY_PHASE_STRIP = NO;
				DEBUG_INFORMATION_FORMAT = "dwarf-with-dsym";
				ENABLE_STRICT_OBJC_MSGSEND = YES;
				GCC_C_LANGUAGE_STANDARD = gnu99;
				GCC_DYNAMIC_NO_PIC = NO;
				GCC_NO_COMMON_BLOCKS = YES;
				GCC_OPTIMIZATION_LEVEL = 0;
				GCC_PREPROCESSOR_DEFINITIONS = (
					"DEBUG=1",
					"$(inherited)",
				);
				GCC_SYMBOLS_PRIVATE_EXTERN = NO;
				GCC_WARN_64_TO_32_BIT_CONVERSION = YES;
				GCC_WARN_ABOUT_RETURN_TYPE = YES_ERROR;
				GCC_WARN_UNDECLARED_SELECTOR = YES;
				GCC_WARN_UNINITIALIZED_AUTOS = YES_AGGRESSIVE;
				GCC_WARN_UNUSED_FUNCTION = YES;
				GCC_WARN_UNUSED_VARIABLE = YES;
				IPHONEOS_DEPLOYMENT_TARGET = 8.4;
				MTL_ENABLE_DEBUG_INFO = YES;
				ONLY_ACTIVE_ARCH = YES;
				SDKROOT = iphoneos;
			};
			name = Debug;
		};
		3EF4782D1B9762C600688D9B /* Release */ = {
			isa = XCBuildConfiguration;
			buildSettings = {
				ALWAYS_SEARCH_USER_PATHS = NO;
				CLANG_CXX_LANGUAGE_STANDARD = "gnu++0x";
				CLANG_CXX_LIBRARY = "libc++";
				CLANG_ENABLE_MODULES = YES;
				CLANG_ENABLE_OBJC_ARC = YES;
				CLANG_WARN_BOOL_CONVERSION = YES;
				CLANG_WARN_CONSTANT_CONVERSION = YES;
				CLANG_WARN_DIRECT_OBJC_ISA_USAGE = YES_ERROR;
				CLANG_WARN_EMPTY_BODY = YES;
				CLANG_WARN_ENUM_CONVERSION = YES;
				CLANG_WARN_INT_CONVERSION = YES;
				CLANG_WARN_OBJC_ROOT_CLASS = YES_ERROR;
				CLANG_WARN_UNREACHABLE_CODE = YES;
				CLANG_WARN__DUPLICATE_METHOD_MATCH = YES;
				"CODE_SIGN_IDENTITY[sdk=iphoneos*]" = "iPhone Developer";
				COPY_PHASE_STRIP = NO;
				DEBUG_INFORMATION_FORMAT = "dwarf-with-dsym";
				ENABLE_NS_ASSERTIONS = NO;
				ENABLE_STRICT_OBJC_MSGSEND = YES;
				GCC_C_LANGUAGE_STANDARD = gnu99;
				GCC_NO_COMMON_BLOCKS = YES;
				GCC_WARN_64_TO_32_BIT_CONVERSION = YES;
				GCC_WARN_ABOUT_RETURN_TYPE = YES_ERROR;
				GCC_WARN_UNDECLARED_SELECTOR = YES;
				GCC_WARN_UNINITIALIZED_AUTOS = YES_AGGRESSIVE;
				GCC_WARN_UNUSED_FUNCTION = YES;
				GCC_WARN_UNUSED_VARIABLE = YES;
				IPHONEOS_DEPLOYMENT_TARGET = 8.4;
				MTL_ENABLE_DEBUG_INFO = NO;
				SDKROOT = iphoneos;
				VALIDATE_PRODUCT = YES;
			};
			name = Release;
		};
		3EF4782F1B9762C600688D9B /* Debug */ = {
			isa = XCBuildConfiguration;
			buildSettings = {
				ASSETCATALOG_COMPILER_APPICON_NAME = AppIcon;
				INFOPLIST_FILE = "TableViewDemo-1/Info.plist";
				LD_RUNPATH_SEARCH_PATHS = "$(inherited) @executable_path/Frameworks";
				PRODUCT_NAME = "$(TARGET_NAME)";
			};
			name = Debug;
		};
		3EF478301B9762C600688D9B /* Release */ = {
			isa = XCBuildConfiguration;
			buildSettings = {
				ASSETCATALOG_COMPILER_APPICON_NAME = AppIcon;
				INFOPLIST_FILE = "TableViewDemo-1/Info.plist";
				LD_RUNPATH_SEARCH_PATHS = "$(inherited) @executable_path/Frameworks";
				PRODUCT_NAME = "$(TARGET_NAME)";
			};
			name = Release;
		};
		3EF478321B9762C600688D9B /* Debug */ = {
			isa = XCBuildConfiguration;
			buildSettings = {
				BUNDLE_LOADER = "$(TEST_HOST)";
				FRAMEWORK_SEARCH_PATHS = (
					"$(SDKROOT)/Developer/Library/Frameworks",
					"$(inherited)",
				);
				GCC_PREPROCESSOR_DEFINITIONS = (
					"DEBUG=1",
					"$(inherited)",
				);
				INFOPLIST_FILE = "TableViewDemo-1Tests/Info.plist";
				LD_RUNPATH_SEARCH_PATHS = "$(inherited) @executable_path/Frameworks @loader_path/Frameworks";
				PRODUCT_NAME = "$(TARGET_NAME)";
				TEST_HOST = "$(BUILT_PRODUCTS_DIR)/TableViewDemo-1.app/TableViewDemo-1";
			};
			name = Debug;
		};
		3EF478331B9762C600688D9B /* Release */ = {
			isa = XCBuildConfiguration;
			buildSettings = {
				BUNDLE_LOADER = "$(TEST_HOST)";
				FRAMEWORK_SEARCH_PATHS = (
					"$(SDKROOT)/Developer/Library/Frameworks",
					"$(inherited)",
				);
				INFOPLIST_FILE = "TableViewDemo-1Tests/Info.plist";
				LD_RUNPATH_SEARCH_PATHS = "$(inherited) @executable_path/Frameworks @loader_path/Frameworks";
				PRODUCT_NAME = "$(TARGET_NAME)";
				TEST_HOST = "$(BUILT_PRODUCTS_DIR)/TableViewDemo-1.app/TableViewDemo-1";
			};
			name = Release;
		};
/* End XCBuildConfiguration section */

/* Begin XCConfigurationList section */
		3EF478061B9762C600688D9B /* Build configuration list for PBXProject "TableViewDemo-1" */ = {
			isa = XCConfigurationList;
			buildConfigurations = (
				3EF4782C1B9762C600688D9B /* Debug */,
				3EF4782D1B9762C600688D9B /* Release */,
			);
			defaultConfigurationIsVisible = 0;
			defaultConfigurationName = Release;
		};
		3EF4782E1B9762C600688D9B /* Build configuration list for PBXNativeTarget "TableViewDemo-1" */ = {
			isa = XCConfigurationList;
			buildConfigurations = (
				3EF4782F1B9762C600688D9B /* Debug */,
				3EF478301B9762C600688D9B /* Release */,
			);
			defaultConfigurationIsVisible = 0;
			defaultConfigurationName = Release;
		};
		3EF478311B9762C600688D9B /* Build configuration list for PBXNativeTarget "TableViewDemo-1Tests" */ = {
			isa = XCConfigurationList;
			buildConfigurations = (
				3EF478321B9762C600688D9B /* Debug */,
				3EF478331B9762C600688D9B /* Release */,
			);
			defaultConfigurationIsVisible = 0;
			defaultConfigurationName = Release;
		};
/* End XCConfigurationList section */
	};
	rootObject = 3EF478031B9762C600688D9B /* Project object */;
}
